
Microsoft Visual Studio Solution File, Format Version 12.00
# Visual Studio Version 17
VisualStudioVersion = 17.9.34607.119
MinimumVisualStudioVersion = 10.0.40219.1
Project("{9A19103F-16F7-4668-BE54-9A1E7A4F7556}") = "01_Classes", "01_Classes\01_Classes.csproj", "{2EAA413B-236F-47ED-997B-2E625234E303}"
EndProject
Project("{9A19103F-16F7-4668-BE54-9A1E7A4F7556}") = "02_AccessModifiers", "02_AccessModifiers\02_AccessModifiers.csproj", "{7100F4A0-6860-49A1-9A6C-2B3D18E88B14}"
EndProject
Project("{9A19103F-16F7-4668-BE54-9A1E7A4F7556}") = "03_Inheritance", "03_Inheritance\03_Inheritance.csproj", "{8ECFE0D8-A30F-4E8A-A05C-0770EBC49038}"
EndProject
Project("{9A19103F-16F7-4668-BE54-9A1E7A4F7556}") = "03_Inheritance2", "03_Inheritance2\03_Inheritance2.csproj", "{F5044CB4-D27E-4402-9CD4-F3C888C79A3E}"
EndProject
Project("{9A19103F-16F7-4668-BE54-9A1E7A4F7556}") = "04_Polymorhism", "04_Polymorhism\04_Polymorhism.csproj", "{979A2C4C-D069-487A-BCFE-3350025368AD}"
EndProject
Project("{9A19103F-16F7-4668-BE54-9A1E7A4F7556}") = "07_Interfaces", "07_Interfaces\07_Interfaces.csproj", "{AE7F7ADC-5A32-4FCB-A6DF-9E99408C5C36}"
EndProject
Project("{FAE04EC0-301F-11D3-BF4B-00C04F79EFBC}") = "06_Abstraction", "06_Abstraction\06_Abstraction.csproj", "{90DCCA74-E0FD-44C7-8EC5-4F7BEB29C5DB}"
EndProject
Global
	GlobalSection(SolutionConfigurationPlatforms) = preSolution
		Debug|Any CPU = Debug|Any CPU
		Release|Any CPU = Release|Any CPU
	EndGlobalSection
	GlobalSection(ProjectConfigurationPlatforms) = postSolution
		{2EAA413B-236F-47ED-997B-2E625234E303}.Debug|Any CPU.ActiveCfg = Debug|Any CPU
		{2EAA413B-236F-47ED-997B-2E625234E303}.Debug|Any CPU.Build.0 = Debug|Any CPU
		{2EAA413B-236F-47ED-997B-2E625234E303}.Release|Any CPU.ActiveCfg = Release|Any CPU
		{2EAA413B-236F-47ED-997B-2E625234E303}.Release|Any CPU.Build.0 = Release|Any CPU
		{7100F4A0-6860-49A1-9A6C-2B3D18E88B14}.Debug|Any CPU.ActiveCfg = Debug|Any CPU
		{7100F4A0-6860-49A1-9A6C-2B3D18E88B14}.Debug|Any CPU.Build.0 = Debug|Any CPU
		{7100F4A0-6860-49A1-9A6C-2B3D18E88B14}.Release|Any CPU.ActiveCfg = Release|Any CPU
		{7100F4A0-6860-49A1-9A6C-2B3D18E88B14}.Release|Any CPU.Build.0 = Release|Any CPU
		{8ECFE0D8-A30F-4E8A-A05C-0770EBC49038}.Debug|Any CPU.ActiveCfg = Debug|Any CPU
		{8ECFE0D8-A30F-4E8A-A05C-0770EBC49038}.Debug|Any CPU.Build.0 = Debug|Any CPU
		{8ECFE0D8-A30F-4E8A-A05C-0770EBC49038}.Release|Any CPU.ActiveCfg = Release|Any CPU
		{8ECFE0D8-A30F-4E8A-A05C-0770EBC49038}.Release|Any CPU.Build.0 = Release|Any CPU
		{F5044CB4-D27E-4402-9CD4-F3C888C79A3E}.Debug|Any CPU.ActiveCfg = Debug|Any CPU
		{F5044CB4-D27E-4402-9CD4-F3C888C79A3E}.Debug|Any CPU.Build.0 = Debug|Any CPU
		{F5044CB4-D27E-4402-9CD4-F3C888C79A3E}.Release|Any CPU.ActiveCfg = Release|Any CPU
		{F5044CB4-D27E-4402-9CD4-F3C888C79A3E}.Release|Any CPU.Build.0 = Release|Any CPU
		{979A2C4C-D069-487A-BCFE-3350025368AD}.Debug|Any CPU.ActiveCfg = Debug|Any CPU
		{979A2C4C-D069-487A-BCFE-3350025368AD}.Debug|Any CPU.Build.0 = Debug|Any CPU
		{979A2C4C-D069-487A-BCFE-3350025368AD}.Release|Any CPU.ActiveCfg = Release|Any CPU
		{979A2C4C-D069-487A-BCFE-3350025368AD}.Release|Any CPU.Build.0 = Release|Any CPU
		{AE7F7ADC-5A32-4FCB-A6DF-9E99408C5C36}.Debug|Any CPU.ActiveCfg = Debug|Any CPU
		{AE7F7ADC-5A32-4FCB-A6DF-9E99408C5C36}.Debug|Any CPU.Build.0 = Debug|Any CPU
		{AE7F7ADC-5A32-4FCB-A6DF-9E99408C5C36}.Release|Any CPU.ActiveCfg = Release|Any CPU
		{AE7F7ADC-5A32-4FCB-A6DF-9E99408C5C36}.Release|Any CPU.Build.0 = Release|Any CPU
		{90DCCA74-E0FD-44C7-8EC5-4F7BEB29C5DB}.Debug|Any CPU.ActiveCfg = Debug|Any CPU
		{90DCCA74-E0FD-44C7-8EC5-4F7BEB29C5DB}.Debug|Any CPU.Build.0 = Debug|Any CPU
		{90DCCA74-E0FD-44C7-8EC5-4F7BEB29C5DB}.Release|Any CPU.ActiveCfg = Release|Any CPU
		{90DCCA74-E0FD-44C7-8EC5-4F7BEB29C5DB}.Release|Any CPU.Build.0 = Release|Any CPU
	EndGlobalSection
	GlobalSection(SolutionProperties) = preSolution
		HideSolutionNode = FALSE
	EndGlobalSection
	GlobalSection(ExtensibilityGlobals) = postSolution
		SolutionGuid = {DF120539-4003-43BF-8F7A-739769BAD1B4}
	EndGlobalSection
EndGlobal
